
Microsoft Visual Studio Solution File, Format Version 12.00
# Visual Studio Version 17
VisualStudioVersion = 17.7.33913.275
MinimumVisualStudioVersion = 10.0.40219.1
Project("{9A19103F-16F7-4668-BE54-9A1E7A4F7556}") = "Codelisk.NugetPublish", "..\build\Codelisk.NugetPublish.csproj", "{BF191D10-7B14-4AA8-901C-DF7A2B367459}"
EndProject
Global
	GlobalSection(SolutionConfigurationPlatforms) = preSolution
		Debug|Any CPU = Debug|Any CPU
		Release|Any CPU = Release|Any CPU
	EndGlobalSection
	GlobalSection(ProjectConfigurationPlatforms) = postSolution
		{BF191D10-7B14-4AA8-901C-DF7A2B367459}.Debug|Any CPU.ActiveCfg = Debug|Any CPU
		{BF191D10-7B14-4AA8-901C-DF7A2B367459}.Debug|Any CPU.Build.0 = Debug|Any CPU
		{BF191D10-7B14-4AA8-901C-DF7A2B367459}.Release|Any CPU.ActiveCfg = Release|Any CPU
		{BF191D10-7B14-4AA8-901C-DF7A2B367459}.Release|Any CPU.Build.0 = Release|Any CPU
	EndGlobalSection
	GlobalSection(SolutionProperties) = preSolution
		HideSolutionNode = FALSE
	EndGlobalSection
	GlobalSection(ExtensibilityGlobals) = postSolution
		SolutionGuid = {A448E09C-346C-4DD3-9CD4-2023E33BB01E}
	EndGlobalSection
EndGlobal
